
Microsoft Visual Studio Solution File, Format Version 12.00
# Visual Studio Version 17
VisualStudioVersion = 17.4.33213.308
MinimumVisualStudioVersion = 10.0.40219.1
Project("{FAE04EC0-301F-11D3-BF4B-00C04F79EFBC}") = "ConsoleApp", "ConsoleApp.csproj", "{B1DB01BC-C37D-4754-B0B0-B9256EB8EF76}"
EndProject
Project("{FAE04EC0-301F-11D3-BF4B-00C04F79EFBC}") = "Algebra", "..\Algebra\Algebra.csproj", "{36C282B3-E6D6-47F2-9C16-25BA3CF26281}"
EndProject
Global
	GlobalSection(SolutionConfigurationPlatforms) = preSolution
		Debug|Any CPU = Debug|Any CPU
		Release|Any CPU = Release|Any CPU
	EndGlobalSection
	GlobalSection(ProjectConfigurationPlatforms) = postSolution
		{B1DB01BC-C37D-4754-B0B0-B9256EB8EF76}.Debug|Any CPU.ActiveCfg = Debug|Any CPU
		{B1DB01BC-C37D-4754-B0B0-B9256EB8EF76}.Debug|Any CPU.Build.0 = Debug|Any CPU
		{B1DB01BC-C37D-4754-B0B0-B9256EB8EF76}.Release|Any CPU.ActiveCfg = Release|Any CPU
		{B1DB01BC-C37D-4754-B0B0-B9256EB8EF76}.Release|Any CPU.Build.0 = Release|Any CPU
		{36C282B3-E6D6-47F2-9C16-25BA3CF26281}.Debug|Any CPU.ActiveCfg = Debug|Any CPU
		{36C282B3-E6D6-47F2-9C16-25BA3CF26281}.Debug|Any CPU.Build.0 = Debug|Any CPU
		{36C282B3-E6D6-47F2-9C16-25BA3CF26281}.Release|Any CPU.ActiveCfg = Release|Any CPU
		{36C282B3-E6D6-47F2-9C16-25BA3CF26281}.Release|Any CPU.Build.0 = Release|Any CPU
	EndGlobalSection
	GlobalSection(SolutionProperties) = preSolution
		HideSolutionNode = FALSE
	EndGlobalSection
	GlobalSection(ExtensibilityGlobals) = postSolution
		SolutionGuid = {539A9F5B-1BFC-4603-BC84-17B1B4718B99}
	EndGlobalSection
EndGlobal
